
Microsoft Visual Studio Solution File, Format Version 12.00
# Visual Studio 2013
VisualStudioVersion = 12.0.31101.0
MinimumVisualStudioVersion = 10.0.40219.1
Project("{E24C65DC-7377-472B-9ABA-BC803B73C61A}") = "TrafficExamWebSite(5)", "http://localhost:49405", "{028AFAD6-570C-42FD-AAA4-1C5C84F2B8F4}"
	ProjectSection(WebsiteProperties) = preProject
		UseIISExpress = "true"
		TargetFrameworkMoniker = ".NETFramework,Version%3Dv4.5"
		Debug.AspNetCompiler.VirtualPath = "/localhost_49405"
		Debug.AspNetCompiler.PhysicalPath = "TrafficExamWebSite\"
		Debug.AspNetCompiler.TargetPath = "PrecompiledWeb\localhost_49405\"
		Debug.AspNetCompiler.Updateable = "true"
		Debug.AspNetCompiler.ForceOverwrite = "true"
		Debug.AspNetCompiler.FixedNames = "false"
		Debug.AspNetCompiler.Debug = "True"
		Release.AspNetCompiler.VirtualPath = "/localhost_49405"
		Release.AspNetCompiler.PhysicalPath = "TrafficExamWebSite\"
		Release.AspNetCompiler.TargetPath = "PrecompiledWeb\localhost_49405\"
		Release.AspNetCompiler.Updateable = "true"
		Release.AspNetCompiler.ForceOverwrite = "true"
		Release.AspNetCompiler.FixedNames = "false"
		Release.AspNetCompiler.Debug = "False"
		SlnRelativePath = "TrafficExamWebSite\"
		DefaultWebSiteLanguage = "Visual C#"
	EndProjectSection
EndProject
Global
	GlobalSection(SolutionConfigurationPlatforms) = preSolution
		Debug|Any CPU = Debug|Any CPU
	EndGlobalSection
	GlobalSection(ProjectConfigurationPlatforms) = postSolution
		{028AFAD6-570C-42FD-AAA4-1C5C84F2B8F4}.Debug|Any CPU.ActiveCfg = Debug|Any CPU
		{028AFAD6-570C-42FD-AAA4-1C5C84F2B8F4}.Debug|Any CPU.Build.0 = Debug|Any CPU
	EndGlobalSection
	GlobalSection(SolutionProperties) = preSolution
		HideSolutionNode = FALSE
	EndGlobalSection
EndGlobal
